<?xml version="1.0" encoding="utf-8"?>
<Project ToolsVersion="14.0" xmlns="http://schemas.microsoft.com/developer/msbuild/2003">
  <ItemGroup>
    <Filter Include="Data">
      <UniqueIdentifier>{0d47a867-376c-4930-9d41-4fecdfc703ef}</UniqueIdentifier>
    </Filter>
    <Filter Include="Data\il2cpp_data\etc\mono">
      <UniqueIdentifier>{6d4c4eec-7b64-491b-8be3-9c6efd739f99}</UniqueIdentifier>
    </Filter>
    <Filter Include="Data\il2cpp_data\etc\mono\2.0">
      <UniqueIdentifier>{38bc13fb-57f8-4ab7-bc53-af537eeae0dc}</UniqueIdentifier>
    </Filter>
    <Filter Include="Data\il2cpp_data\etc\mono\2.0\Browsers">
      <UniqueIdentifier>{39f6eb25-7232-4fa5-8884-be93dab4f99d}</UniqueIdentifier>
    </Filter>
    <Filter Include="Data\il2cpp_data\etc\mono\4.0">
      <UniqueIdentifier>{ce3a8a98-7811-49da-b6f8-0e49abd8594d}</UniqueIdentifier>
    </Filter>
    <Filter Include="Data\il2cpp_data\etc\mono\4.0\Browsers">
      <UniqueIdentifier>{e28c7415-4ac2-4639-a451-e999b1f3a026}</UniqueIdentifier>
    </Filter>
    <Filter Include="Data\il2cpp_data\etc\mono\4.5">
      <UniqueIdentifier>{7555e952-9bf8-4620-aa00-ca1bbf88c79b}</UniqueIdentifier>
    </Filter>
    <Filter Include="Data\il2cpp_data\etc\mono\4.5\Browsers">
      <UniqueIdentifier>{4c5a9a31-91e4-440a-b4b8-71d7a0120aae}</UniqueIdentifier>
    </Filter>
    <Filter Include="Data\il2cpp_data\etc\mono\mconfig">
      <UniqueIdentifier>{dec470fe-6041-4f1f-9751-8fb8b9e71a0d}</UniqueIdentifier>
    </Filter>
    <Filter Include="Data\il2cpp_data\Metadata">
      <UniqueIdentifier>{ce289621-b28f-4cc1-a425-575b51960971}</UniqueIdentifier>
    </Filter>
    <Filter Include="Data\il2cpp_data\Resources">
      <UniqueIdentifier>{9cf767c4-f32e-438d-b76a-79d816991ebc}</UniqueIdentifier>
    </Filter>
    <Filter Include="Data\Resources">
      <UniqueIdentifier>{5a878110-a706-49c3-ba96-066474daa585}</UniqueIdentifier>
    </Filter>
    <Filter Include="Data\StreamingAssets\GameData">
      <UniqueIdentifier>{2879f0a9-2ae9-47dc-a381-c4d141f63593}</UniqueIdentifier>
    </Filter>
    <Filter Include="Data\StreamingAssets\GameData\adconfig">
      <UniqueIdentifier>{6b9fbacc-6210-4e19-aaf9-6d00a77c9851}</UniqueIdentifier>
    </Filter>
    <Filter Include="Data\StreamingAssets\GameData\app_center">
      <UniqueIdentifier>{3cd4ae92-e6d5-49df-a1ac-57008eb6fc8b}</UniqueIdentifier>
    </Filter>
    <Filter Include="Data\StreamingAssets\GameData\common">
      <UniqueIdentifier>{ec92e14d-fc36-47ba-bd3b-12b1f228fa2e}</UniqueIdentifier>
    </Filter>
    <Filter Include="Data\StreamingAssets\GameData\common\adconfig\cn">
      <UniqueIdentifier>{9497bd34-560e-4754-afed-6ef8f5bae2a5}</UniqueIdentifier>
    </Filter>
    <Filter Include="Data\StreamingAssets\GameData\common\adconfig\other">
      <UniqueIdentifier>{e473f205-aee6-43da-b1b2-b709579d31d1}</UniqueIdentifier>
    </Filter>
    <Filter Include="Data\StreamingAssets\GameData\common\app_center">
      <UniqueIdentifier>{0623a497-3378-4155-8375-25ac548e6396}</UniqueIdentifier>
    </Filter>
    <Filter Include="Data\StreamingAssets\GameData\common\language">
      <UniqueIdentifier>{4e8916e5-23c5-4f67-bbfe-4d66804c30e6}</UniqueIdentifier>
    </Filter>
    <Filter Include="Data\StreamingAssets\GameData\config">
      <UniqueIdentifier>{fb9a26ff-f60e-4f01-81c6-7f8ac43aa189}</UniqueIdentifier>
    </Filter>
    <Filter Include="Data\StreamingAssets\GameData\language">
      <UniqueIdentifier>{f96a9ca4-3c69-40c3-87bf-43492738e351}</UniqueIdentifier>
    </Filter>
    <Filter Include="Data\StreamingAssets\GameData\screenshot">
      <UniqueIdentifier>{e2b584f7-4a47-403f-8db2-81ad5aba9905}</UniqueIdentifier>
    </Filter>
    <Filter Include="Data\StreamingAssets\GameData\screenshot\bg">
      <UniqueIdentifier>{9affcffe-0fad-4d70-9092-cbbdc889f02c}</UniqueIdentifier>
    </Filter>
    <Filter Include="Data\StreamingAssets\GameData\screenshot\icon">
      <UniqueIdentifier>{e74466e3-b922-429d-ad70-ba795b3352e7}</UniqueIdentifier>
    </Filter>
    <Filter Include="Data\StreamingAssets\GameData\screenshot\language">
      <UniqueIdentifier>{a70a5333-1780-4849-90fa-e9ae5937a459}</UniqueIdentifier>
    </Filter>
    <Filter Include="Data\StreamingAssets\GameRes\common">
      <UniqueIdentifier>{38558219-f05d-4a72-ad95-54a56e83cd93}</UniqueIdentifier>
    </Filter>
    <Filter Include="Data\StreamingAssets\GameRes\guanka">
      <UniqueIdentifier>{589ce8cd-96a4-48d6-a3b3-43e75bea6a71}</UniqueIdentifier>
    </Filter>
    <Filter Include="Data\StreamingAssets\GameRes\image\banyuan">
      <UniqueIdentifier>{2ea89e68-b3bf-4a47-93a2-eb9f87e7c4dd}</UniqueIdentifier>
    </Filter>
    <Filter Include="Data\StreamingAssets\GameRes\image\bg">
      <UniqueIdentifier>{fec41978-d5a0-468d-8c8f-449efa22010c}</UniqueIdentifier>
    </Filter>
    <Filter Include="Data\StreamingAssets\GameRes\image\changfangxing">
      <UniqueIdentifier>{d72c9caa-40c0-485a-b7a2-377e4f9f28db}</UniqueIdentifier>
    </Filter>
    <Filter Include="Data\StreamingAssets\GameRes\image\lingxing">
      <UniqueIdentifier>{5694067c-8fff-4b29-9ccf-2272f9459792}</UniqueIdentifier>
    </Filter>
    <Filter Include="Data\StreamingAssets\GameRes\image\sanjiaoxing">
      <UniqueIdentifier>{498fc3a1-5855-4df6-9562-15c54bd4fe18}</UniqueIdentifier>
    </Filter>
    <Filter Include="Data\StreamingAssets\GameRes\image\tixing">
      <UniqueIdentifier>{ca4cbc24-00d2-491c-84df-8c06e87cf8e6}</UniqueIdentifier>
    </Filter>
    <Filter Include="Data\StreamingAssets\GameRes\image\tuoyuan">
      <UniqueIdentifier>{37e2948b-87b6-4b54-a0f8-3d2973475199}</UniqueIdentifier>
    </Filter>
    <Filter Include="Data\StreamingAssets\GameRes\image\wubianxing">
      <UniqueIdentifier>{cbf4e04e-4039-4c4f-a3e4-a10853760213}</UniqueIdentifier>
    </Filter>
    <Filter Include="Data\StreamingAssets\GameRes\image\wujiaoxing">
      <UniqueIdentifier>{3e474fc0-9431-444a-ad01-48206dae86ca}</UniqueIdentifier>
    </Filter>
    <Filter Include="Data\StreamingAssets\GameRes\image\xinxing">
      <UniqueIdentifier>{58645031-a849-4fdb-89ce-f1ba5d6111ce}</UniqueIdentifier>
    </Filter>
    <Filter Include="Data\StreamingAssets\GameRes\image\yuan">
      <UniqueIdentifier>{c0717e44-2bdc-44db-9905-62ece3790759}</UniqueIdentifier>
    </Filter>
    <Filter Include="Data\StreamingAssets\GameRes\image\zhengfangxing">
      <UniqueIdentifier>{320dde3f-2693-4a25-b3fe-ec8fc2412226}</UniqueIdentifier>
    </Filter>
    <Filter Include="Data\StreamingAssets\GameRes\language">
      <UniqueIdentifier>{deb26c25-e788-4bf8-a707-fe6eceb38c93}</UniqueIdentifier>
    </Filter>
    <Filter Include="Data\StreamingAssets\GameRes\place">
      <UniqueIdentifier>{36b21b25-1f8b-4ab4-8579-00b06f5625eb}</UniqueIdentifier>
    </Filter>
    <Filter Include="Data\StreamingAssets\GameRes\place\language">
      <UniqueIdentifier>{c2b711d3-bb65-455d-8836-cc6e1ee7d17b}</UniqueIdentifier>
    </Filter>
    <Filter Include="Data\il2cpp_data\etc">
      <UniqueIdentifier>{e4274b26-71c8-43dd-9137-4a87ba83a804}</UniqueIdentifier>
    </Filter>
    <Filter Include="Data\il2cpp_data">
      <UniqueIdentifier>{1b2b0bec-6f1f-47a9-8944-b1cf19d78a8d}</UniqueIdentifier>
    </Filter>
    <Filter Include="Data\StreamingAssets">
      <UniqueIdentifier>{b351fe9c-db0e-46c8-98c5-cc4caba1e741}</UniqueIdentifier>
    </Filter>
    <Filter Include="Data\StreamingAssets\GameData\common\adconfig">
      <UniqueIdentifier>{4b73405d-7b4a-44a8-84cb-46833d2768d1}</UniqueIdentifier>
    </Filter>
    <Filter Include="Data\StreamingAssets\GameRes">
      <UniqueIdentifier>{e5c7a4c0-2022-48ac-9223-9cc9ea18e789}</UniqueIdentifier>
    </Filter>
    <Filter Include="Data\StreamingAssets\GameRes\image">
      <UniqueIdentifier>{64ab7776-5de9-447d-b4e0-55c0cc80ce54}</UniqueIdentifier>
    </Filter>
    <Resource Include="$(MSBuildThisFileDirectory)Resource.res" />
    <None Include="$(MSBuildThisFileDirectory)StoreManifest.xml" />
    <ClCompile Include="$(MSBuildThisFileDirectory)UnityGenerated.cpp" />
    <ClInclude Include="$(MSBuildThisFileDirectory)UnityGenerated.h" />
    <None Include="$(MSBuildThisFileDirectory)Data\boot.config">
      <Filter>Data</Filter>
    </None>
    <None Include="$(MSBuildThisFileDirectory)Data\globalgamemanagers">
      <Filter>Data</Filter>
    </None>
    <None Include="$(MSBuildThisFileDirectory)Data\globalgamemanagers.assets">
      <Filter>Data</Filter>
    </None>
    <None Include="$(MSBuildThisFileDirectory)Data\level0">
      <Filter>Data</Filter>
    </None>
    <None Include="$(MSBuildThisFileDirectory)Data\resources.assets">
      <Filter>Data</Filter>
    </None>
    <None Include="$(MSBuildThisFileDirectory)Data\resources.assets.resS">
      <Filter>Data</Filter>
    </None>
    <None Include="$(MSBuildThisFileDirectory)Data\resources.resource">
      <Filter>Data</Filter>
    </None>
    <None Include="$(MSBuildThisFileDirectory)Data\sharedassets0.assets">
      <Filter>Data</Filter>
    </None>
    <None Include="$(MSBuildThisFileDirectory)Data\il2cpp_data\etc\mono\browscap.ini">
      <Filter>Data\il2cpp_data\etc\mono</Filter>
    </None>
    <None Include="$(MSBuildThisFileDirectory)Data\il2cpp_data\etc\mono\config">
      <Filter>Data\il2cpp_data\etc\mono</Filter>
    </None>
    <None Include="$(MSBuildThisFileDirectory)Data\il2cpp_data\etc\mono\2.0\DefaultWsdlHelpGenerator.aspx">
      <Filter>Data\il2cpp_data\etc\mono\2.0</Filter>
    </None>
    <None Include="$(MSBuildThisFileDirectory)Data\il2cpp_data\etc\mono\2.0\machine.config">
      <Filter>Data\il2cpp_data\etc\mono\2.0</Filter>
    </None>
    <None Include="$(MSBuildThisFileDirectory)Data\il2cpp_data\etc\mono\2.0\settings.map">
      <Filter>Data\il2cpp_data\etc\mono\2.0</Filter>
    </None>
    <None Include="$(MSBuildThisFileDirectory)Data\il2cpp_data\etc\mono\2.0\web.config">
      <Filter>Data\il2cpp_data\etc\mono\2.0</Filter>
    </None>
    <None Include="$(MSBuildThisFileDirectory)Data\il2cpp_data\etc\mono\2.0\Browsers\Compat.browser">
      <Filter>Data\il2cpp_data\etc\mono\2.0\Browsers</Filter>
    </None>
    <None Include="$(MSBuildThisFileDirectory)Data\il2cpp_data\etc\mono\4.0\DefaultWsdlHelpGenerator.aspx">
      <Filter>Data\il2cpp_data\etc\mono\4.0</Filter>
    </None>
    <None Include="$(MSBuildThisFileDirectory)Data\il2cpp_data\etc\mono\4.0\machine.config">
      <Filter>Data\il2cpp_data\etc\mono\4.0</Filter>
    </None>
    <None Include="$(MSBuildThisFileDirectory)Data\il2cpp_data\etc\mono\4.0\settings.map">
      <Filter>Data\il2cpp_data\etc\mono\4.0</Filter>
    </None>
    <None Include="$(MSBuildThisFileDirectory)Data\il2cpp_data\etc\mono\4.0\web.config">
      <Filter>Data\il2cpp_data\etc\mono\4.0</Filter>
    </None>
    <None Include="$(MSBuildThisFileDirectory)Data\il2cpp_data\etc\mono\4.0\Browsers\Compat.browser">
      <Filter>Data\il2cpp_data\etc\mono\4.0\Browsers</Filter>
    </None>
    <None Include="$(MSBuildThisFileDirectory)Data\il2cpp_data\etc\mono\4.5\DefaultWsdlHelpGenerator.aspx">
      <Filter>Data\il2cpp_data\etc\mono\4.5</Filter>
    </None>
    <None Include="$(MSBuildThisFileDirectory)Data\il2cpp_data\etc\mono\4.5\machine.config">
      <Filter>Data\il2cpp_data\etc\mono\4.5</Filter>
    </None>
    <None Include="$(MSBuildThisFileDirectory)Data\il2cpp_data\etc\mono\4.5\settings.map">
      <Filter>Data\il2cpp_data\etc\mono\4.5</Filter>
    </None>
    <None Include="$(MSBuildThisFileDirectory)Data\il2cpp_data\etc\mono\4.5\web.config">
      <Filter>Data\il2cpp_data\etc\mono\4.5</Filter>
    </None>
    <None Include="$(MSBuildThisFileDirectory)Data\il2cpp_data\etc\mono\4.5\Browsers\Compat.browser">
      <Filter>Data\il2cpp_data\etc\mono\4.5\Browsers</Filter>
    </None>
    <None Include="$(MSBuildThisFileDirectory)Data\il2cpp_data\etc\mono\mconfig\config.xml">
      <Filter>Data\il2cpp_data\etc\mono\mconfig</Filter>
    </None>
    <None Include="$(MSBuildThisFileDirectory)Data\il2cpp_data\Metadata\global-metadata.dat">
      <Filter>Data\il2cpp_data\Metadata</Filter>
    </None>
    <None Include="$(MSBuildThisFileDirectory)Data\il2cpp_data\Resources\I18N.CJK.dll-resources.dat">
      <Filter>Data\il2cpp_data\Resources</Filter>
    </None>
    <None Include="$(MSBuildThisFileDirectory)Data\il2cpp_data\Resources\mscorlib.dll-resources.dat">
      <Filter>Data\il2cpp_data\Resources</Filter>
    </None>
    <None Include="$(MSBuildThisFileDirectory)Data\il2cpp_data\Resources\System.dll-resources.dat">
      <Filter>Data\il2cpp_data\Resources</Filter>
    </None>
    <None Include="$(MSBuildThisFileDirectory)Data\Resources\unity default resources">
      <Filter>Data\Resources</Filter>
    </None>
    <None Include="$(MSBuildThisFileDirectory)Data\Resources\unity_builtin_extra">
      <Filter>Data\Resources</Filter>
    </None>
    <None Include="$(MSBuildThisFileDirectory)Data\StreamingAssets\GameData\startup.png">
      <Filter>Data\StreamingAssets\GameData</Filter>
    </None>
    <None Include="$(MSBuildThisFileDirectory)Data\StreamingAssets\GameData\adconfig\ad_config_android.json">
      <Filter>Data\StreamingAssets\GameData\adconfig</Filter>
    </None>
    <None Include="$(MSBuildThisFileDirectory)Data\StreamingAssets\GameData\adconfig\ad_config_android_hd.json">
      <Filter>Data\StreamingAssets\GameData\adconfig</Filter>
    </None>
    <None Include="$(MSBuildThisFileDirectory)Data\StreamingAssets\GameData\adconfig\ad_config_ios.json">
      <Filter>Data\StreamingAssets\GameData\adconfig</Filter>
    </None>
    <None Include="$(MSBuildThisFileDirectory)Data\StreamingAssets\GameData\adconfig\ad_config_ios_hd.json">
      <Filter>Data\StreamingAssets\GameData\adconfig</Filter>
    </None>
    <None Include="$(MSBuildThisFileDirectory)Data\StreamingAssets\GameData\app_center\applist_home_kids.json">
      <Filter>Data\StreamingAssets\GameData\app_center</Filter>
    </None>
    <None Include="$(MSBuildThisFileDirectory)Data\StreamingAssets\GameData\app_center\applist_home_smallgame.json">
      <Filter>Data\StreamingAssets\GameData\app_center</Filter>
    </None>
    <None Include="$(MSBuildThisFileDirectory)Data\StreamingAssets\GameData\app_center\applist_moreapp_kids.json">
      <Filter>Data\StreamingAssets\GameData\app_center</Filter>
    </None>
    <None Include="$(MSBuildThisFileDirectory)Data\StreamingAssets\GameData\app_center\applist_moreapp_smallgame.json">
      <Filter>Data\StreamingAssets\GameData\app_center</Filter>
    </None>
    <None Include="$(MSBuildThisFileDirectory)Data\StreamingAssets\GameData\common\channel.json">
      <Filter>Data\StreamingAssets\GameData\common</Filter>
    </None>
    <None Include="$(MSBuildThisFileDirectory)Data\StreamingAssets\GameData\common\adconfig\cn\ad_config_common_android.json">
      <Filter>Data\StreamingAssets\GameData\common\adconfig\cn</Filter>
    </None>
    <None Include="$(MSBuildThisFileDirectory)Data\StreamingAssets\GameData\common\adconfig\cn\ad_config_common_ios.json">
      <Filter>Data\StreamingAssets\GameData\common\adconfig\cn</Filter>
    </None>
    <None Include="$(MSBuildThisFileDirectory)Data\StreamingAssets\GameData\common\adconfig\cn\ad_config_common_win.json">
      <Filter>Data\StreamingAssets\GameData\common\adconfig\cn</Filter>
    </None>
    <None Include="$(MSBuildThisFileDirectory)Data\StreamingAssets\GameData\common\adconfig\cn\ad_config_priority_android.json">
      <Filter>Data\StreamingAssets\GameData\common\adconfig\cn</Filter>
    </None>
    <None Include="$(MSBuildThisFileDirectory)Data\StreamingAssets\GameData\common\adconfig\cn\ad_config_priority_ios.json">
      <Filter>Data\StreamingAssets\GameData\common\adconfig\cn</Filter>
    </None>
    <None Include="$(MSBuildThisFileDirectory)Data\StreamingAssets\GameData\common\adconfig\other\ad_config_common_android.json">
      <Filter>Data\StreamingAssets\GameData\common\adconfig\other</Filter>
    </None>
    <None Include="$(MSBuildThisFileDirectory)Data\StreamingAssets\GameData\common\adconfig\other\ad_config_common_ios.json">
      <Filter>Data\StreamingAssets\GameData\common\adconfig\other</Filter>
    </None>
    <None Include="$(MSBuildThisFileDirectory)Data\StreamingAssets\GameData\common\adconfig\other\ad_config_common_win.json">
      <Filter>Data\StreamingAssets\GameData\common\adconfig\other</Filter>
    </None>
    <None Include="$(MSBuildThisFileDirectory)Data\StreamingAssets\GameData\common\adconfig\other\ad_config_priority_android.json">
      <Filter>Data\StreamingAssets\GameData\common\adconfig\other</Filter>
    </None>
    <None Include="$(MSBuildThisFileDirectory)Data\StreamingAssets\GameData\common\adconfig\other\ad_config_priority_ios.json">
      <Filter>Data\StreamingAssets\GameData\common\adconfig\other</Filter>
    </None>
    <None Include="$(MSBuildThisFileDirectory)Data\StreamingAssets\GameData\common\app_center\applist_home_kids.json">
      <Filter>Data\StreamingAssets\GameData\common\app_center</Filter>
    </None>
    <None Include="$(MSBuildThisFileDirectory)Data\StreamingAssets\GameData\common\app_center\applist_home_minigame.json">
      <Filter>Data\StreamingAssets\GameData\common\app_center</Filter>
    </None>
    <None Include="$(MSBuildThisFileDirectory)Data\StreamingAssets\GameData\common\app_center\applist_moreapp_kids.json">
      <Filter>Data\StreamingAssets\GameData\common\app_center</Filter>
    </None>
    <None Include="$(MSBuildThisFileDirectory)Data\StreamingAssets\GameData\common\app_center\applist_moreapp_minigame.json">
      <Filter>Data\StreamingAssets\GameData\common\app_center</Filter>
    </None>
    <None Include="$(MSBuildThisFileDirectory)Data\StreamingAssets\GameData\common\language\language.csv">
      <Filter>Data\StreamingAssets\GameData\common\language</Filter>
    </None>
    <None Include="$(MSBuildThisFileDirectory)Data\StreamingAssets\GameData\config\config_android.json">
      <Filter>Data\StreamingAssets\GameData\config</Filter>
    </None>
    <None Include="$(MSBuildThisFileDirectory)Data\StreamingAssets\GameData\config\config_android_hd.json">
      <Filter>Data\StreamingAssets\GameData\config</Filter>
    </None>
    <None Include="$(MSBuildThisFileDirectory)Data\StreamingAssets\GameData\config\config_common.json">
      <Filter>Data\StreamingAssets\GameData\config</Filter>
    </None>
    <None Include="$(MSBuildThisFileDirectory)Data\StreamingAssets\GameData\config\config_ios.json">
      <Filter>Data\StreamingAssets\GameData\config</Filter>
    </None>
    <None Include="$(MSBuildThisFileDirectory)Data\StreamingAssets\GameData\config\config_ios_hd.json">
      <Filter>Data\StreamingAssets\GameData\config</Filter>
    </None>
    <None Include="$(MSBuildThisFileDirectory)Data\StreamingAssets\GameData\language\language.csv">
      <Filter>Data\StreamingAssets\GameData\language</Filter>
    </None>
    <None Include="$(MSBuildThisFileDirectory)Data\StreamingAssets\GameData\screenshot\ColorItem.png">
      <Filter>Data\StreamingAssets\GameData\screenshot</Filter>
    </None>
    <None Include="$(MSBuildThisFileDirectory)Data\StreamingAssets\GameData\screenshot\colorpens.png">
      <Filter>Data\StreamingAssets\GameData\screenshot</Filter>
    </None>
    <None Include="$(MSBuildThisFileDirectory)Data\StreamingAssets\GameData\screenshot\color_board.png">
      <Filter>Data\StreamingAssets\GameData\screenshot</Filter>
    </None>
    <None Include="$(MSBuildThisFileDirectory)Data\StreamingAssets\GameData\screenshot\color_pan.png">
      <Filter>Data\StreamingAssets\GameData\screenshot</Filter>
    </None>
    <None Include="$(MSBuildThisFileDirectory)Data\StreamingAssets\GameData\screenshot\ItemBg_0.png">
      <Filter>Data\StreamingAssets\GameData\screenshot</Filter>
    </None>
    <None Include="$(MSBuildThisFileDirectory)Data\StreamingAssets\GameData\screenshot\ItemBg_1.png">
      <Filter>Data\StreamingAssets\GameData\screenshot</Filter>
    </None>
    <None Include="$(MSBuildThisFileDirectory)Data\StreamingAssets\GameData\screenshot\ItemBg_2.png">
      <Filter>Data\StreamingAssets\GameData\screenshot</Filter>
    </None>
    <None Include="$(MSBuildThisFileDirectory)Data\StreamingAssets\GameData\screenshot\ItemBg_3.png">
      <Filter>Data\StreamingAssets\GameData\screenshot</Filter>
    </None>
    <None Include="$(MSBuildThisFileDirectory)Data\StreamingAssets\GameData\screenshot\ItemBg_4.png">
      <Filter>Data\StreamingAssets\GameData\screenshot</Filter>
    </None>
    <None Include="$(MSBuildThisFileDirectory)Data\StreamingAssets\GameData\screenshot\ItemBg_5.png">
      <Filter>Data\StreamingAssets\GameData\screenshot</Filter>
    </None>
    <None Include="$(MSBuildThisFileDirectory)Data\StreamingAssets\GameData\screenshot\ItemBg_6.png">
      <Filter>Data\StreamingAssets\GameData\screenshot</Filter>
    </None>
    <None Include="$(MSBuildThisFileDirectory)Data\StreamingAssets\GameData\screenshot\ItemRectBg.png">
      <Filter>Data\StreamingAssets\GameData\screenshot</Filter>
    </None>
    <None Include="$(MSBuildThisFileDirectory)Data\StreamingAssets\GameData\screenshot\pen.png">
      <Filter>Data\StreamingAssets\GameData\screenshot</Filter>
    </None>
    <None Include="$(MSBuildThisFileDirectory)Data\StreamingAssets\GameData\screenshot\PlayItemBg.png">
      <Filter>Data\StreamingAssets\GameData\screenshot</Filter>
    </None>
    <None Include="$(MSBuildThisFileDirectory)Data\StreamingAssets\GameData\screenshot\bg\bg0.jpg">
      <Filter>Data\StreamingAssets\GameData\screenshot\bg</Filter>
    </None>
    <None Include="$(MSBuildThisFileDirectory)Data\StreamingAssets\GameData\screenshot\bg\bg1.jpg">
      <Filter>Data\StreamingAssets\GameData\screenshot\bg</Filter>
    </None>
    <None Include="$(MSBuildThisFileDirectory)Data\StreamingAssets\GameData\screenshot\bg\bg2.jpg">
      <Filter>Data\StreamingAssets\GameData\screenshot\bg</Filter>
    </None>
    <None Include="$(MSBuildThisFileDirectory)Data\StreamingAssets\GameData\screenshot\bg\bg3.jpg">
      <Filter>Data\StreamingAssets\GameData\screenshot\bg</Filter>
    </None>
    <None Include="$(MSBuildThisFileDirectory)Data\StreamingAssets\GameData\screenshot\bg\bg4.jpg">
      <Filter>Data\StreamingAssets\GameData\screenshot\bg</Filter>
    </None>
    <None Include="$(MSBuildThisFileDirectory)Data\StreamingAssets\GameData\screenshot\bg\bg_adhome.jpg">
      <Filter>Data\StreamingAssets\GameData\screenshot\bg</Filter>
    </None>
    <None Include="$(MSBuildThisFileDirectory)Data\StreamingAssets\GameData\screenshot\icon\bg.jpg">
      <Filter>Data\StreamingAssets\GameData\screenshot\icon</Filter>
    </None>
    <None Include="$(MSBuildThisFileDirectory)Data\StreamingAssets\GameData\screenshot\icon\color.png">
      <Filter>Data\StreamingAssets\GameData\screenshot\icon</Filter>
    </None>
    <None Include="$(MSBuildThisFileDirectory)Data\StreamingAssets\GameData\screenshot\icon\human.png">
      <Filter>Data\StreamingAssets\GameData\screenshot\icon</Filter>
    </None>
    <None Include="$(MSBuildThisFileDirectory)Data\StreamingAssets\GameData\screenshot\icon\icon_hd_corner.png">
      <Filter>Data\StreamingAssets\GameData\screenshot\icon</Filter>
    </None>
    <None Include="$(MSBuildThisFileDirectory)Data\StreamingAssets\GameData\screenshot\icon\icon_kuang.png">
      <Filter>Data\StreamingAssets\GameData\screenshot\icon</Filter>
    </None>
    <None Include="$(MSBuildThisFileDirectory)Data\StreamingAssets\GameData\screenshot\icon\pen.png">
      <Filter>Data\StreamingAssets\GameData\screenshot\icon</Filter>
    </None>
    <None Include="$(MSBuildThisFileDirectory)Data\StreamingAssets\GameData\screenshot\language\language.csv">
      <Filter>Data\StreamingAssets\GameData\screenshot\language</Filter>
    </None>
    <None Include="$(MSBuildThisFileDirectory)Data\StreamingAssets\GameRes\common\bg.png">
      <Filter>Data\StreamingAssets\GameRes\common</Filter>
    </None>
    <None Include="$(MSBuildThisFileDirectory)Data\StreamingAssets\GameRes\guanka\color.json">
      <Filter>Data\StreamingAssets\GameRes\guanka</Filter>
    </None>
    <None Include="$(MSBuildThisFileDirectory)Data\StreamingAssets\GameRes\guanka\guanka_list_place0.json">
      <Filter>Data\StreamingAssets\GameRes\guanka</Filter>
    </None>
    <None Include="$(MSBuildThisFileDirectory)Data\StreamingAssets\GameRes\guanka\shape.json">
      <Filter>Data\StreamingAssets\GameRes\guanka</Filter>
    </None>
    <None Include="$(MSBuildThisFileDirectory)Data\StreamingAssets\GameRes\image\banyuan\banyuan.png">
      <Filter>Data\StreamingAssets\GameRes\image\banyuan</Filter>
    </None>
    <None Include="$(MSBuildThisFileDirectory)Data\StreamingAssets\GameRes\image\banyuan\banyuan_inner.png">
      <Filter>Data\StreamingAssets\GameRes\image\banyuan</Filter>
    </None>
    <None Include="$(MSBuildThisFileDirectory)Data\StreamingAssets\GameRes\image\banyuan\banyuan_outer.png">
      <Filter>Data\StreamingAssets\GameRes\image\banyuan</Filter>
    </None>
    <None Include="$(MSBuildThisFileDirectory)Data\StreamingAssets\GameRes\image\bg\bg.json">
      <Filter>Data\StreamingAssets\GameRes\image\bg</Filter>
    </None>
    <None Include="$(MSBuildThisFileDirectory)Data\StreamingAssets\GameRes\image\bg\bg0.png">
      <Filter>Data\StreamingAssets\GameRes\image\bg</Filter>
    </None>
    <None Include="$(MSBuildThisFileDirectory)Data\StreamingAssets\GameRes\image\bg\bg1.png">
      <Filter>Data\StreamingAssets\GameRes\image\bg</Filter>
    </None>
    <None Include="$(MSBuildThisFileDirectory)Data\StreamingAssets\GameRes\image\bg\bg2.png">
      <Filter>Data\StreamingAssets\GameRes\image\bg</Filter>
    </None>
    <None Include="$(MSBuildThisFileDirectory)Data\StreamingAssets\GameRes\image\bg\bg3.png">
      <Filter>Data\StreamingAssets\GameRes\image\bg</Filter>
    </None>
    <None Include="$(MSBuildThisFileDirectory)Data\StreamingAssets\GameRes\image\bg\bg4.png">
      <Filter>Data\StreamingAssets\GameRes\image\bg</Filter>
    </None>
    <None Include="$(MSBuildThisFileDirectory)Data\StreamingAssets\GameRes\image\bg\bg5.png">
      <Filter>Data\StreamingAssets\GameRes\image\bg</Filter>
    </None>
    <None Include="$(MSBuildThisFileDirectory)Data\StreamingAssets\GameRes\image\bg\bg6.png">
      <Filter>Data\StreamingAssets\GameRes\image\bg</Filter>
    </None>
    <None Include="$(MSBuildThisFileDirectory)Data\StreamingAssets\GameRes\image\bg\bg7.png">
      <Filter>Data\StreamingAssets\GameRes\image\bg</Filter>
    </None>
    <None Include="$(MSBuildThisFileDirectory)Data\StreamingAssets\GameRes\image\bg\bg8.png">
      <Filter>Data\StreamingAssets\GameRes\image\bg</Filter>
    </None>
    <None Include="$(MSBuildThisFileDirectory)Data\StreamingAssets\GameRes\image\changfangxing\changfangxing.png">
      <Filter>Data\StreamingAssets\GameRes\image\changfangxing</Filter>
    </None>
    <None Include="$(MSBuildThisFileDirectory)Data\StreamingAssets\GameRes\image\changfangxing\changfangxing_inner.png">
      <Filter>Data\StreamingAssets\GameRes\image\changfangxing</Filter>
    </None>
    <None Include="$(MSBuildThisFileDirectory)Data\StreamingAssets\GameRes\image\changfangxing\changfangxing_outer.png">
      <Filter>Data\StreamingAssets\GameRes\image\changfangxing</Filter>
    </None>
    <None Include="$(MSBuildThisFileDirectory)Data\StreamingAssets\GameRes\image\lingxing\lingxing.png">
      <Filter>Data\StreamingAssets\GameRes\image\lingxing</Filter>
    </None>
    <None Include="$(MSBuildThisFileDirectory)Data\StreamingAssets\GameRes\image\lingxing\lingxing_inner.png">
      <Filter>Data\StreamingAssets\GameRes\image\lingxing</Filter>
    </None>
    <None Include="$(MSBuildThisFileDirectory)Data\StreamingAssets\GameRes\image\lingxing\lingxing_outer.png">
      <Filter>Data\StreamingAssets\GameRes\image\lingxing</Filter>
    </None>
    <None Include="$(MSBuildThisFileDirectory)Data\StreamingAssets\GameRes\image\sanjiaoxing\sanjiaoxing.png">
      <Filter>Data\StreamingAssets\GameRes\image\sanjiaoxing</Filter>
    </None>
    <None Include="$(MSBuildThisFileDirectory)Data\StreamingAssets\GameRes\image\sanjiaoxing\sanjiaoxing_inner.png">
      <Filter>Data\StreamingAssets\GameRes\image\sanjiaoxing</Filter>
    </None>
    <None Include="$(MSBuildThisFileDirectory)Data\StreamingAssets\GameRes\image\sanjiaoxing\sanjiaoxing_outer.png">
      <Filter>Data\StreamingAssets\GameRes\image\sanjiaoxing</Filter>
    </None>
    <None Include="$(MSBuildThisFileDirectory)Data\StreamingAssets\GameRes\image\tixing\tixing.png">
      <Filter>Data\StreamingAssets\GameRes\image\tixing</Filter>
    </None>
    <None Include="$(MSBuildThisFileDirectory)Data\StreamingAssets\GameRes\image\tixing\tixing_inner.png">
      <Filter>Data\StreamingAssets\GameRes\image\tixing</Filter>
    </None>
    <None Include="$(MSBuildThisFileDirectory)Data\StreamingAssets\GameRes\image\tixing\tixing_outer.png">
      <Filter>Data\StreamingAssets\GameRes\image\tixing</Filter>
    </None>
    <None Include="$(MSBuildThisFileDirectory)Data\StreamingAssets\GameRes\image\tuoyuan\tuoyuan.png">
      <Filter>Data\StreamingAssets\GameRes\image\tuoyuan</Filter>
    </None>
    <None Include="$(MSBuildThisFileDirectory)Data\StreamingAssets\GameRes\image\tuoyuan\tuoyuan_inner.png">
      <Filter>Data\StreamingAssets\GameRes\image\tuoyuan</Filter>
    </None>
    <None Include="$(MSBuildThisFileDirectory)Data\StreamingAssets\GameRes\image\tuoyuan\tuoyuan_outer.png">
      <Filter>Data\StreamingAssets\GameRes\image\tuoyuan</Filter>
    </None>
    <None Include="$(MSBuildThisFileDirectory)Data\StreamingAssets\GameRes\image\wubianxing\wubianxing.png">
      <Filter>Data\StreamingAssets\GameRes\image\wubianxing</Filter>
    </None>
    <None Include="$(MSBuildThisFileDirectory)Data\StreamingAssets\GameRes\image\wubianxing\wubianxing_inner.png">
      <Filter>Data\StreamingAssets\GameRes\image\wubianxing</Filter>
    </None>
    <None Include="$(MSBuildThisFileDirectory)Data\StreamingAssets\GameRes\image\wubianxing\wubianxing_outer.png">
      <Filter>Data\StreamingAssets\GameRes\image\wubianxing</Filter>
    </None>
    <None Include="$(MSBuildThisFileDirectory)Data\StreamingAssets\GameRes\image\wujiaoxing\wujiaoxing.png">
      <Filter>Data\StreamingAssets\GameRes\image\wujiaoxing</Filter>
    </None>
    <None Include="$(MSBuildThisFileDirectory)Data\StreamingAssets\GameRes\image\wujiaoxing\wujiaoxing_inner.png">
      <Filter>Data\StreamingAssets\GameRes\image\wujiaoxing</Filter>
    </None>
    <None Include="$(MSBuildThisFileDirectory)Data\StreamingAssets\GameRes\image\wujiaoxing\wujiaoxing_outer.png">
      <Filter>Data\StreamingAssets\GameRes\image\wujiaoxing</Filter>
    </None>
    <None Include="$(MSBuildThisFileDirectory)Data\StreamingAssets\GameRes\image\xinxing\xinxing.png">
      <Filter>Data\StreamingAssets\GameRes\image\xinxing</Filter>
    </None>
    <None Include="$(MSBuildThisFileDirectory)Data\StreamingAssets\GameRes\image\xinxing\xinxing_inner.png">
      <Filter>Data\StreamingAssets\GameRes\image\xinxing</Filter>
    </None>
    <None Include="$(MSBuildThisFileDirectory)Data\StreamingAssets\GameRes\image\xinxing\xinxing_outer.png">
      <Filter>Data\StreamingAssets\GameRes\image\xinxing</Filter>
    </None>
    <None Include="$(MSBuildThisFileDirectory)Data\StreamingAssets\GameRes\image\yuan\yuan.png">
      <Filter>Data\StreamingAssets\GameRes\image\yuan</Filter>
    </None>
    <None Include="$(MSBuildThisFileDirectory)Data\StreamingAssets\GameRes\image\yuan\yuan_inner.png">
      <Filter>Data\StreamingAssets\GameRes\image\yuan</Filter>
    </None>
    <None Include="$(MSBuildThisFileDirectory)Data\StreamingAssets\GameRes\image\yuan\yuan_outer.png">
      <Filter>Data\StreamingAssets\GameRes\image\yuan</Filter>
    </None>
    <None Include="$(MSBuildThisFileDirectory)Data\StreamingAssets\GameRes\image\zhengfangxing\zhengfangxing.png">
      <Filter>Data\StreamingAssets\GameRes\image\zhengfangxing</Filter>
    </None>
    <None Include="$(MSBuildThisFileDirectory)Data\StreamingAssets\GameRes\image\zhengfangxing\zhengfangxing_inner.png">
      <Filter>Data\StreamingAssets\GameRes\image\zhengfangxing</Filter>
    </None>
    <None Include="$(MSBuildThisFileDirectory)Data\StreamingAssets\GameRes\image\zhengfangxing\zhengfangxing_outer.png">
      <Filter>Data\StreamingAssets\GameRes\image\zhengfangxing</Filter>
    </None>
    <None Include="$(MSBuildThisFileDirectory)Data\StreamingAssets\GameRes\language\language.csv">
      <Filter>Data\StreamingAssets\GameRes\language</Filter>
    </None>
    <None Include="$(MSBuildThisFileDirectory)Data\StreamingAssets\GameRes\place\place_list.json">
      <Filter>Data\StreamingAssets\GameRes\place</Filter>
    </None>
    <None Include="$(MSBuildThisFileDirectory)Data\StreamingAssets\GameRes\place\language\language.csv">
      <Filter>Data\StreamingAssets\GameRes\place\language</Filter>
    </None>
  </ItemGroup>
  <ItemGroup>
    <None Include="$(OutDir)GameAssembly.dll" />
    <None Include="$(OutDir)GameAssembly.pdb" />
    <None Include="$(OutDir)SymbolMap" />
  </ItemGroup>
</Project>