<?xml version="1.0" encoding="utf-8"?>
<Project ToolsVersion="14.0" xmlns="http://schemas.microsoft.com/developer/msbuild/2003">
  <ItemGroup>
    <Filter Include="Data">
      <UniqueIdentifier>{8eb4929d-2ff2-44ab-beba-811b06e50f4f}</UniqueIdentifier>
    </Filter>
    <Filter Include="Data\il2cpp_data\etc\mono">
      <UniqueIdentifier>{b647f471-b703-42a1-b3be-268f43fef4d2}</UniqueIdentifier>
    </Filter>
    <Filter Include="Data\il2cpp_data\etc\mono\2.0">
      <UniqueIdentifier>{ae56359d-38b0-494b-93e2-5c4778ad9abe}</UniqueIdentifier>
    </Filter>
    <Filter Include="Data\il2cpp_data\etc\mono\2.0\Browsers">
      <UniqueIdentifier>{537312aa-92dd-4ecd-8660-3512618ce1be}</UniqueIdentifier>
    </Filter>
    <Filter Include="Data\il2cpp_data\etc\mono\4.0">
      <UniqueIdentifier>{4748a4a5-3d55-4580-9b50-64f071bbee65}</UniqueIdentifier>
    </Filter>
    <Filter Include="Data\il2cpp_data\etc\mono\4.0\Browsers">
      <UniqueIdentifier>{79203b15-b8a5-4f5b-a187-50d5b3df397b}</UniqueIdentifier>
    </Filter>
    <Filter Include="Data\il2cpp_data\etc\mono\4.5">
      <UniqueIdentifier>{06a02946-b669-432d-b20e-4820c4da994c}</UniqueIdentifier>
    </Filter>
    <Filter Include="Data\il2cpp_data\etc\mono\4.5\Browsers">
      <UniqueIdentifier>{fcf7c4d7-7e10-4268-9689-62b588115510}</UniqueIdentifier>
    </Filter>
    <Filter Include="Data\il2cpp_data\etc\mono\mconfig">
      <UniqueIdentifier>{71115765-da72-41c6-8183-3d37d087ef34}</UniqueIdentifier>
    </Filter>
    <Filter Include="Data\il2cpp_data\Metadata">
      <UniqueIdentifier>{27bc5771-13a0-4840-99fb-1bf2a5819a63}</UniqueIdentifier>
    </Filter>
    <Filter Include="Data\il2cpp_data\Resources">
      <UniqueIdentifier>{38d6e57d-9e88-43c1-9183-02527c9a4005}</UniqueIdentifier>
    </Filter>
    <Filter Include="Data\Resources">
      <UniqueIdentifier>{3339c04d-a9c3-4f13-a04a-bfd8f128d3d2}</UniqueIdentifier>
    </Filter>
    <Filter Include="Data\StreamingAssets\GameData">
      <UniqueIdentifier>{7b7fc728-95b1-46e4-9baf-f51ae8530bf1}</UniqueIdentifier>
    </Filter>
    <Filter Include="Data\StreamingAssets\GameData\adconfig">
      <UniqueIdentifier>{cf0e1d8a-f933-4d21-8059-49db8cbf8139}</UniqueIdentifier>
    </Filter>
    <Filter Include="Data\StreamingAssets\GameData\app_center">
      <UniqueIdentifier>{9e2917c9-e453-437a-b29d-08518ebe32fe}</UniqueIdentifier>
    </Filter>
    <Filter Include="Data\StreamingAssets\GameData\common">
      <UniqueIdentifier>{a4356440-5915-4860-9869-5e74932be3cb}</UniqueIdentifier>
    </Filter>
    <Filter Include="Data\StreamingAssets\GameData\common\adconfig\cn">
      <UniqueIdentifier>{bf13bbd4-8ec3-4db7-b0b5-a55f3b5673b1}</UniqueIdentifier>
    </Filter>
    <Filter Include="Data\StreamingAssets\GameData\common\adconfig\other">
      <UniqueIdentifier>{5d19470b-b959-4efa-9f5c-b99b73baaa97}</UniqueIdentifier>
    </Filter>
    <Filter Include="Data\StreamingAssets\GameData\common\app_center">
      <UniqueIdentifier>{ffa19c34-b441-4cb6-af77-72084787ccb0}</UniqueIdentifier>
    </Filter>
    <Filter Include="Data\StreamingAssets\GameData\common\language">
      <UniqueIdentifier>{ec49ea80-c1e2-459b-b5a5-7f9871644933}</UniqueIdentifier>
    </Filter>
    <Filter Include="Data\StreamingAssets\GameData\config">
      <UniqueIdentifier>{ac0253ab-e094-4e0f-bcff-a73be7bb9bf2}</UniqueIdentifier>
    </Filter>
    <Filter Include="Data\StreamingAssets\GameData\language">
      <UniqueIdentifier>{e705b384-918e-4ba4-ba45-e1436c0251cc}</UniqueIdentifier>
    </Filter>
    <Filter Include="Data\StreamingAssets\GameData\screenshot">
      <UniqueIdentifier>{4c51dc69-004b-4f2c-b400-b335ce3fd796}</UniqueIdentifier>
    </Filter>
    <Filter Include="Data\StreamingAssets\GameData\screenshot\bg">
      <UniqueIdentifier>{194665d8-a735-494d-840d-f1608a3ab097}</UniqueIdentifier>
    </Filter>
    <Filter Include="Data\StreamingAssets\GameData\screenshot\icon">
      <UniqueIdentifier>{09e70043-9348-4986-a69f-24a33ea888ab}</UniqueIdentifier>
    </Filter>
    <Filter Include="Data\StreamingAssets\GameData\screenshot\language">
      <UniqueIdentifier>{6a9c0322-1af5-4b15-bdcb-b3ab96f62df3}</UniqueIdentifier>
    </Filter>
    <Filter Include="Data\StreamingAssets\GameRes\common">
      <UniqueIdentifier>{a8e8d51a-2090-4c77-b7e7-ff15ff8099d1}</UniqueIdentifier>
    </Filter>
    <Filter Include="Data\StreamingAssets\GameRes\guanka">
      <UniqueIdentifier>{95c042c2-430f-4302-92c5-7a616bdfdff1}</UniqueIdentifier>
    </Filter>
    <Filter Include="Data\StreamingAssets\GameRes\image\banyuan">
      <UniqueIdentifier>{5be8b851-6e9b-465f-a94e-3f769ca56e66}</UniqueIdentifier>
    </Filter>
    <Filter Include="Data\StreamingAssets\GameRes\image\bg">
      <UniqueIdentifier>{26ce14e5-2d52-4fcf-8a6c-28636e1782c9}</UniqueIdentifier>
    </Filter>
    <Filter Include="Data\StreamingAssets\GameRes\image\changfangxing">
      <UniqueIdentifier>{0dce16fe-59d6-4656-a378-02079762bc23}</UniqueIdentifier>
    </Filter>
    <Filter Include="Data\StreamingAssets\GameRes\image\lingxing">
      <UniqueIdentifier>{6b0b0506-bf06-4abe-9fab-c93b05d49936}</UniqueIdentifier>
    </Filter>
    <Filter Include="Data\StreamingAssets\GameRes\image\sanjiaoxing">
      <UniqueIdentifier>{b78fb629-c335-4cc6-a257-9278184899e4}</UniqueIdentifier>
    </Filter>
    <Filter Include="Data\StreamingAssets\GameRes\image\tixing">
      <UniqueIdentifier>{2f98346a-fe8a-41dc-82f4-bb1ccfcd2bca}</UniqueIdentifier>
    </Filter>
    <Filter Include="Data\StreamingAssets\GameRes\image\tuoyuan">
      <UniqueIdentifier>{e78f684e-9049-43d4-b37d-4ce36ef2ef0e}</UniqueIdentifier>
    </Filter>
    <Filter Include="Data\StreamingAssets\GameRes\image\wubianxing">
      <UniqueIdentifier>{d9259cb4-7a01-4e96-a42a-4f9cc7f9f310}</UniqueIdentifier>
    </Filter>
    <Filter Include="Data\StreamingAssets\GameRes\image\wujiaoxing">
      <UniqueIdentifier>{f2192e74-b3e9-4f9a-9092-0982bbf972ae}</UniqueIdentifier>
    </Filter>
    <Filter Include="Data\StreamingAssets\GameRes\image\xinxing">
      <UniqueIdentifier>{5545f648-e8a0-48d9-953c-ceec369ea49d}</UniqueIdentifier>
    </Filter>
    <Filter Include="Data\StreamingAssets\GameRes\image\yuan">
      <UniqueIdentifier>{aec75ff2-894b-4a55-a076-177f1c4e6212}</UniqueIdentifier>
    </Filter>
    <Filter Include="Data\StreamingAssets\GameRes\image\zhengfangxing">
      <UniqueIdentifier>{d5149b3d-7137-4ace-903d-2eb33d7af945}</UniqueIdentifier>
    </Filter>
    <Filter Include="Data\StreamingAssets\GameRes\language">
      <UniqueIdentifier>{c54a511c-45cf-4118-9f0d-3f16b65a379f}</UniqueIdentifier>
    </Filter>
    <Filter Include="Data\StreamingAssets\GameRes\place">
      <UniqueIdentifier>{0bf5d0cb-66ad-475b-a9f4-3fd8b3ec4b0e}</UniqueIdentifier>
    </Filter>
    <Filter Include="Data\StreamingAssets\GameRes\place\language">
      <UniqueIdentifier>{70b6f4aa-7265-466d-bfca-46797c26b0d7}</UniqueIdentifier>
    </Filter>
    <Filter Include="Data\il2cpp_data\etc">
      <UniqueIdentifier>{b78b7e03-cc60-4d55-ac85-8da16acaed24}</UniqueIdentifier>
    </Filter>
    <Filter Include="Data\il2cpp_data">
      <UniqueIdentifier>{1e3cb98e-21c0-4248-b6f9-10ea50b223a2}</UniqueIdentifier>
    </Filter>
    <Filter Include="Data\StreamingAssets">
      <UniqueIdentifier>{5a71cb43-72c5-47c3-8a1e-bb58d9e57c23}</UniqueIdentifier>
    </Filter>
    <Filter Include="Data\StreamingAssets\GameData\common\adconfig">
      <UniqueIdentifier>{88480959-f390-4dbc-b3d5-fad0538aea70}</UniqueIdentifier>
    </Filter>
    <Filter Include="Data\StreamingAssets\GameRes">
      <UniqueIdentifier>{6ba503d2-bbd6-4724-93d6-59c5660819c3}</UniqueIdentifier>
    </Filter>
    <Filter Include="Data\StreamingAssets\GameRes\image">
      <UniqueIdentifier>{54b3a146-0e64-481a-8bd6-997500bdbba1}</UniqueIdentifier>
    </Filter>
    <Resource Include="$(MSBuildThisFileDirectory)Resource.res" />
    <None Include="$(MSBuildThisFileDirectory)StoreManifest.xml" />
    <ClCompile Include="$(MSBuildThisFileDirectory)UnityGenerated.cpp" />
    <ClInclude Include="$(MSBuildThisFileDirectory)UnityGenerated.h" />
    <None Include="$(MSBuildThisFileDirectory)Data\boot.config">
      <Filter>Data</Filter>
    </None>
    <None Include="$(MSBuildThisFileDirectory)Data\globalgamemanagers">
      <Filter>Data</Filter>
    </None>
    <None Include="$(MSBuildThisFileDirectory)Data\globalgamemanagers.assets">
      <Filter>Data</Filter>
    </None>
    <None Include="$(MSBuildThisFileDirectory)Data\level0">
      <Filter>Data</Filter>
    </None>
    <None Include="$(MSBuildThisFileDirectory)Data\resources.assets">
      <Filter>Data</Filter>
    </None>
    <None Include="$(MSBuildThisFileDirectory)Data\resources.assets.resS">
      <Filter>Data</Filter>
    </None>
    <None Include="$(MSBuildThisFileDirectory)Data\resources.resource">
      <Filter>Data</Filter>
    </None>
    <None Include="$(MSBuildThisFileDirectory)Data\sharedassets0.assets">
      <Filter>Data</Filter>
    </None>
    <None Include="$(MSBuildThisFileDirectory)Data\il2cpp_data\etc\mono\browscap.ini">
      <Filter>Data\il2cpp_data\etc\mono</Filter>
    </None>
    <None Include="$(MSBuildThisFileDirectory)Data\il2cpp_data\etc\mono\config">
      <Filter>Data\il2cpp_data\etc\mono</Filter>
    </None>
    <None Include="$(MSBuildThisFileDirectory)Data\il2cpp_data\etc\mono\2.0\DefaultWsdlHelpGenerator.aspx">
      <Filter>Data\il2cpp_data\etc\mono\2.0</Filter>
    </None>
    <None Include="$(MSBuildThisFileDirectory)Data\il2cpp_data\etc\mono\2.0\machine.config">
      <Filter>Data\il2cpp_data\etc\mono\2.0</Filter>
    </None>
    <None Include="$(MSBuildThisFileDirectory)Data\il2cpp_data\etc\mono\2.0\settings.map">
      <Filter>Data\il2cpp_data\etc\mono\2.0</Filter>
    </None>
    <None Include="$(MSBuildThisFileDirectory)Data\il2cpp_data\etc\mono\2.0\web.config">
      <Filter>Data\il2cpp_data\etc\mono\2.0</Filter>
    </None>
    <None Include="$(MSBuildThisFileDirectory)Data\il2cpp_data\etc\mono\2.0\Browsers\Compat.browser">
      <Filter>Data\il2cpp_data\etc\mono\2.0\Browsers</Filter>
    </None>
    <None Include="$(MSBuildThisFileDirectory)Data\il2cpp_data\etc\mono\4.0\DefaultWsdlHelpGenerator.aspx">
      <Filter>Data\il2cpp_data\etc\mono\4.0</Filter>
    </None>
    <None Include="$(MSBuildThisFileDirectory)Data\il2cpp_data\etc\mono\4.0\machine.config">
      <Filter>Data\il2cpp_data\etc\mono\4.0</Filter>
    </None>
    <None Include="$(MSBuildThisFileDirectory)Data\il2cpp_data\etc\mono\4.0\settings.map">
      <Filter>Data\il2cpp_data\etc\mono\4.0</Filter>
    </None>
    <None Include="$(MSBuildThisFileDirectory)Data\il2cpp_data\etc\mono\4.0\web.config">
      <Filter>Data\il2cpp_data\etc\mono\4.0</Filter>
    </None>
    <None Include="$(MSBuildThisFileDirectory)Data\il2cpp_data\etc\mono\4.0\Browsers\Compat.browser">
      <Filter>Data\il2cpp_data\etc\mono\4.0\Browsers</Filter>
    </None>
    <None Include="$(MSBuildThisFileDirectory)Data\il2cpp_data\etc\mono\4.5\DefaultWsdlHelpGenerator.aspx">
      <Filter>Data\il2cpp_data\etc\mono\4.5</Filter>
    </None>
    <None Include="$(MSBuildThisFileDirectory)Data\il2cpp_data\etc\mono\4.5\machine.config">
      <Filter>Data\il2cpp_data\etc\mono\4.5</Filter>
    </None>
    <None Include="$(MSBuildThisFileDirectory)Data\il2cpp_data\etc\mono\4.5\settings.map">
      <Filter>Data\il2cpp_data\etc\mono\4.5</Filter>
    </None>
    <None Include="$(MSBuildThisFileDirectory)Data\il2cpp_data\etc\mono\4.5\web.config">
      <Filter>Data\il2cpp_data\etc\mono\4.5</Filter>
    </None>
    <None Include="$(MSBuildThisFileDirectory)Data\il2cpp_data\etc\mono\4.5\Browsers\Compat.browser">
      <Filter>Data\il2cpp_data\etc\mono\4.5\Browsers</Filter>
    </None>
    <None Include="$(MSBuildThisFileDirectory)Data\il2cpp_data\etc\mono\mconfig\config.xml">
      <Filter>Data\il2cpp_data\etc\mono\mconfig</Filter>
    </None>
    <None Include="$(MSBuildThisFileDirectory)Data\il2cpp_data\Metadata\global-metadata.dat">
      <Filter>Data\il2cpp_data\Metadata</Filter>
    </None>
    <None Include="$(MSBuildThisFileDirectory)Data\il2cpp_data\Resources\I18N.CJK.dll-resources.dat">
      <Filter>Data\il2cpp_data\Resources</Filter>
    </None>
    <None Include="$(MSBuildThisFileDirectory)Data\il2cpp_data\Resources\mscorlib.dll-resources.dat">
      <Filter>Data\il2cpp_data\Resources</Filter>
    </None>
    <None Include="$(MSBuildThisFileDirectory)Data\il2cpp_data\Resources\System.dll-resources.dat">
      <Filter>Data\il2cpp_data\Resources</Filter>
    </None>
    <None Include="$(MSBuildThisFileDirectory)Data\Resources\unity default resources">
      <Filter>Data\Resources</Filter>
    </None>
    <None Include="$(MSBuildThisFileDirectory)Data\Resources\unity_builtin_extra">
      <Filter>Data\Resources</Filter>
    </None>
    <None Include="$(MSBuildThisFileDirectory)Data\StreamingAssets\GameData\startup.png">
      <Filter>Data\StreamingAssets\GameData</Filter>
    </None>
    <None Include="$(MSBuildThisFileDirectory)Data\StreamingAssets\GameData\adconfig\ad_config_android.json">
      <Filter>Data\StreamingAssets\GameData\adconfig</Filter>
    </None>
    <None Include="$(MSBuildThisFileDirectory)Data\StreamingAssets\GameData\adconfig\ad_config_android_hd.json">
      <Filter>Data\StreamingAssets\GameData\adconfig</Filter>
    </None>
    <None Include="$(MSBuildThisFileDirectory)Data\StreamingAssets\GameData\adconfig\ad_config_ios.json">
      <Filter>Data\StreamingAssets\GameData\adconfig</Filter>
    </None>
    <None Include="$(MSBuildThisFileDirectory)Data\StreamingAssets\GameData\adconfig\ad_config_ios_hd.json">
      <Filter>Data\StreamingAssets\GameData\adconfig</Filter>
    </None>
    <None Include="$(MSBuildThisFileDirectory)Data\StreamingAssets\GameData\adconfig\ad_config_win.json">
      <Filter>Data\StreamingAssets\GameData\adconfig</Filter>
    </None>
    <None Include="$(MSBuildThisFileDirectory)Data\StreamingAssets\GameData\adconfig\ad_config_win_hd.json">
      <Filter>Data\StreamingAssets\GameData\adconfig</Filter>
    </None>
    <None Include="$(MSBuildThisFileDirectory)Data\StreamingAssets\GameData\app_center\applist_home_kids.json">
      <Filter>Data\StreamingAssets\GameData\app_center</Filter>
    </None>
    <None Include="$(MSBuildThisFileDirectory)Data\StreamingAssets\GameData\app_center\applist_home_smallgame.json">
      <Filter>Data\StreamingAssets\GameData\app_center</Filter>
    </None>
    <None Include="$(MSBuildThisFileDirectory)Data\StreamingAssets\GameData\app_center\applist_moreapp_kids.json">
      <Filter>Data\StreamingAssets\GameData\app_center</Filter>
    </None>
    <None Include="$(MSBuildThisFileDirectory)Data\StreamingAssets\GameData\app_center\applist_moreapp_smallgame.json">
      <Filter>Data\StreamingAssets\GameData\app_center</Filter>
    </None>
    <None Include="$(MSBuildThisFileDirectory)Data\StreamingAssets\GameData\common\channel.json">
      <Filter>Data\StreamingAssets\GameData\common</Filter>
    </None>
    <None Include="$(MSBuildThisFileDirectory)Data\StreamingAssets\GameData\common\adconfig\cn\ad_config_common_android.json">
      <Filter>Data\StreamingAssets\GameData\common\adconfig\cn</Filter>
    </None>
    <None Include="$(MSBuildThisFileDirectory)Data\StreamingAssets\GameData\common\adconfig\cn\ad_config_common_ios.json">
      <Filter>Data\StreamingAssets\GameData\common\adconfig\cn</Filter>
    </None>
    <None Include="$(MSBuildThisFileDirectory)Data\StreamingAssets\GameData\common\adconfig\cn\ad_config_common_win.json">
      <Filter>Data\StreamingAssets\GameData\common\adconfig\cn</Filter>
    </None>
    <None Include="$(MSBuildThisFileDirectory)Data\StreamingAssets\GameData\common\adconfig\cn\ad_config_priority_android.json">
      <Filter>Data\StreamingAssets\GameData\common\adconfig\cn</Filter>
    </None>
    <None Include="$(MSBuildThisFileDirectory)Data\StreamingAssets\GameData\common\adconfig\cn\ad_config_priority_ios.json">
      <Filter>Data\StreamingAssets\GameData\common\adconfig\cn</Filter>
    </None>
    <None Include="$(MSBuildThisFileDirectory)Data\StreamingAssets\GameData\common\adconfig\other\ad_config_common_android.json">
      <Filter>Data\StreamingAssets\GameData\common\adconfig\other</Filter>
    </None>
    <None Include="$(MSBuildThisFileDirectory)Data\StreamingAssets\GameData\common\adconfig\other\ad_config_common_ios.json">
      <Filter>Data\StreamingAssets\GameData\common\adconfig\other</Filter>
    </None>
    <None Include="$(MSBuildThisFileDirectory)Data\StreamingAssets\GameData\common\adconfig\other\ad_config_common_win.json">
      <Filter>Data\StreamingAssets\GameData\common\adconfig\other</Filter>
    </None>
    <None Include="$(MSBuildThisFileDirectory)Data\StreamingAssets\GameData\common\adconfig\other\ad_config_priority_android.json">
      <Filter>Data\StreamingAssets\GameData\common\adconfig\other</Filter>
    </None>
    <None Include="$(MSBuildThisFileDirectory)Data\StreamingAssets\GameData\common\adconfig\other\ad_config_priority_ios.json">
      <Filter>Data\StreamingAssets\GameData\common\adconfig\other</Filter>
    </None>
    <None Include="$(MSBuildThisFileDirectory)Data\StreamingAssets\GameData\common\app_center\applist_home_kids.json">
      <Filter>Data\StreamingAssets\GameData\common\app_center</Filter>
    </None>
    <None Include="$(MSBuildThisFileDirectory)Data\StreamingAssets\GameData\common\app_center\applist_home_minigame.json">
      <Filter>Data\StreamingAssets\GameData\common\app_center</Filter>
    </None>
    <None Include="$(MSBuildThisFileDirectory)Data\StreamingAssets\GameData\common\app_center\applist_moreapp_kids.json">
      <Filter>Data\StreamingAssets\GameData\common\app_center</Filter>
    </None>
    <None Include="$(MSBuildThisFileDirectory)Data\StreamingAssets\GameData\common\app_center\applist_moreapp_minigame.json">
      <Filter>Data\StreamingAssets\GameData\common\app_center</Filter>
    </None>
    <None Include="$(MSBuildThisFileDirectory)Data\StreamingAssets\GameData\common\language\language.csv">
      <Filter>Data\StreamingAssets\GameData\common\language</Filter>
    </None>
    <None Include="$(MSBuildThisFileDirectory)Data\StreamingAssets\GameData\config\config_android.json">
      <Filter>Data\StreamingAssets\GameData\config</Filter>
    </None>
    <None Include="$(MSBuildThisFileDirectory)Data\StreamingAssets\GameData\config\config_android_hd.json">
      <Filter>Data\StreamingAssets\GameData\config</Filter>
    </None>
    <None Include="$(MSBuildThisFileDirectory)Data\StreamingAssets\GameData\config\config_common.json">
      <Filter>Data\StreamingAssets\GameData\config</Filter>
    </None>
    <None Include="$(MSBuildThisFileDirectory)Data\StreamingAssets\GameData\config\config_ios.json">
      <Filter>Data\StreamingAssets\GameData\config</Filter>
    </None>
    <None Include="$(MSBuildThisFileDirectory)Data\StreamingAssets\GameData\config\config_ios_hd.json">
      <Filter>Data\StreamingAssets\GameData\config</Filter>
    </None>
    <None Include="$(MSBuildThisFileDirectory)Data\StreamingAssets\GameData\config\config_win.json">
      <Filter>Data\StreamingAssets\GameData\config</Filter>
    </None>
    <None Include="$(MSBuildThisFileDirectory)Data\StreamingAssets\GameData\config\config_win_hd.json">
      <Filter>Data\StreamingAssets\GameData\config</Filter>
    </None>
    <None Include="$(MSBuildThisFileDirectory)Data\StreamingAssets\GameData\language\language.csv">
      <Filter>Data\StreamingAssets\GameData\language</Filter>
    </None>
    <None Include="$(MSBuildThisFileDirectory)Data\StreamingAssets\GameData\screenshot\ColorItem.png">
      <Filter>Data\StreamingAssets\GameData\screenshot</Filter>
    </None>
    <None Include="$(MSBuildThisFileDirectory)Data\StreamingAssets\GameData\screenshot\colorpens.png">
      <Filter>Data\StreamingAssets\GameData\screenshot</Filter>
    </None>
    <None Include="$(MSBuildThisFileDirectory)Data\StreamingAssets\GameData\screenshot\color_board.png">
      <Filter>Data\StreamingAssets\GameData\screenshot</Filter>
    </None>
    <None Include="$(MSBuildThisFileDirectory)Data\StreamingAssets\GameData\screenshot\color_pan.png">
      <Filter>Data\StreamingAssets\GameData\screenshot</Filter>
    </None>
    <None Include="$(MSBuildThisFileDirectory)Data\StreamingAssets\GameData\screenshot\ItemBg_0.png">
      <Filter>Data\StreamingAssets\GameData\screenshot</Filter>
    </None>
    <None Include="$(MSBuildThisFileDirectory)Data\StreamingAssets\GameData\screenshot\ItemBg_1.png">
      <Filter>Data\StreamingAssets\GameData\screenshot</Filter>
    </None>
    <None Include="$(MSBuildThisFileDirectory)Data\StreamingAssets\GameData\screenshot\ItemBg_2.png">
      <Filter>Data\StreamingAssets\GameData\screenshot</Filter>
    </None>
    <None Include="$(MSBuildThisFileDirectory)Data\StreamingAssets\GameData\screenshot\ItemBg_3.png">
      <Filter>Data\StreamingAssets\GameData\screenshot</Filter>
    </None>
    <None Include="$(MSBuildThisFileDirectory)Data\StreamingAssets\GameData\screenshot\ItemBg_4.png">
      <Filter>Data\StreamingAssets\GameData\screenshot</Filter>
    </None>
    <None Include="$(MSBuildThisFileDirectory)Data\StreamingAssets\GameData\screenshot\ItemBg_5.png">
      <Filter>Data\StreamingAssets\GameData\screenshot</Filter>
    </None>
    <None Include="$(MSBuildThisFileDirectory)Data\StreamingAssets\GameData\screenshot\ItemBg_6.png">
      <Filter>Data\StreamingAssets\GameData\screenshot</Filter>
    </None>
    <None Include="$(MSBuildThisFileDirectory)Data\StreamingAssets\GameData\screenshot\ItemRectBg.png">
      <Filter>Data\StreamingAssets\GameData\screenshot</Filter>
    </None>
    <None Include="$(MSBuildThisFileDirectory)Data\StreamingAssets\GameData\screenshot\pen.png">
      <Filter>Data\StreamingAssets\GameData\screenshot</Filter>
    </None>
    <None Include="$(MSBuildThisFileDirectory)Data\StreamingAssets\GameData\screenshot\PlayItemBg.png">
      <Filter>Data\StreamingAssets\GameData\screenshot</Filter>
    </None>
    <None Include="$(MSBuildThisFileDirectory)Data\StreamingAssets\GameData\screenshot\bg\bg0.jpg">
      <Filter>Data\StreamingAssets\GameData\screenshot\bg</Filter>
    </None>
    <None Include="$(MSBuildThisFileDirectory)Data\StreamingAssets\GameData\screenshot\bg\bg1.jpg">
      <Filter>Data\StreamingAssets\GameData\screenshot\bg</Filter>
    </None>
    <None Include="$(MSBuildThisFileDirectory)Data\StreamingAssets\GameData\screenshot\bg\bg2.jpg">
      <Filter>Data\StreamingAssets\GameData\screenshot\bg</Filter>
    </None>
    <None Include="$(MSBuildThisFileDirectory)Data\StreamingAssets\GameData\screenshot\bg\bg3.jpg">
      <Filter>Data\StreamingAssets\GameData\screenshot\bg</Filter>
    </None>
    <None Include="$(MSBuildThisFileDirectory)Data\StreamingAssets\GameData\screenshot\bg\bg4.jpg">
      <Filter>Data\StreamingAssets\GameData\screenshot\bg</Filter>
    </None>
    <None Include="$(MSBuildThisFileDirectory)Data\StreamingAssets\GameData\screenshot\bg\bg_adhome.jpg">
      <Filter>Data\StreamingAssets\GameData\screenshot\bg</Filter>
    </None>
    <None Include="$(MSBuildThisFileDirectory)Data\StreamingAssets\GameData\screenshot\icon\bg.jpg">
      <Filter>Data\StreamingAssets\GameData\screenshot\icon</Filter>
    </None>
    <None Include="$(MSBuildThisFileDirectory)Data\StreamingAssets\GameData\screenshot\icon\color.png">
      <Filter>Data\StreamingAssets\GameData\screenshot\icon</Filter>
    </None>
    <None Include="$(MSBuildThisFileDirectory)Data\StreamingAssets\GameData\screenshot\icon\human.png">
      <Filter>Data\StreamingAssets\GameData\screenshot\icon</Filter>
    </None>
    <None Include="$(MSBuildThisFileDirectory)Data\StreamingAssets\GameData\screenshot\icon\icon_hd_corner.png">
      <Filter>Data\StreamingAssets\GameData\screenshot\icon</Filter>
    </None>
    <None Include="$(MSBuildThisFileDirectory)Data\StreamingAssets\GameData\screenshot\icon\icon_kuang.png">
      <Filter>Data\StreamingAssets\GameData\screenshot\icon</Filter>
    </None>
    <None Include="$(MSBuildThisFileDirectory)Data\StreamingAssets\GameData\screenshot\icon\pen.png">
      <Filter>Data\StreamingAssets\GameData\screenshot\icon</Filter>
    </None>
    <None Include="$(MSBuildThisFileDirectory)Data\StreamingAssets\GameData\screenshot\language\language.csv">
      <Filter>Data\StreamingAssets\GameData\screenshot\language</Filter>
    </None>
    <None Include="$(MSBuildThisFileDirectory)Data\StreamingAssets\GameRes\common\bg.png">
      <Filter>Data\StreamingAssets\GameRes\common</Filter>
    </None>
    <None Include="$(MSBuildThisFileDirectory)Data\StreamingAssets\GameRes\guanka\color.json">
      <Filter>Data\StreamingAssets\GameRes\guanka</Filter>
    </None>
    <None Include="$(MSBuildThisFileDirectory)Data\StreamingAssets\GameRes\guanka\guanka_list_place0.json">
      <Filter>Data\StreamingAssets\GameRes\guanka</Filter>
    </None>
    <None Include="$(MSBuildThisFileDirectory)Data\StreamingAssets\GameRes\guanka\shape.json">
      <Filter>Data\StreamingAssets\GameRes\guanka</Filter>
    </None>
    <None Include="$(MSBuildThisFileDirectory)Data\StreamingAssets\GameRes\image\banyuan\banyuan.png">
      <Filter>Data\StreamingAssets\GameRes\image\banyuan</Filter>
    </None>
    <None Include="$(MSBuildThisFileDirectory)Data\StreamingAssets\GameRes\image\banyuan\banyuan_inner.png">
      <Filter>Data\StreamingAssets\GameRes\image\banyuan</Filter>
    </None>
    <None Include="$(MSBuildThisFileDirectory)Data\StreamingAssets\GameRes\image\banyuan\banyuan_outer.png">
      <Filter>Data\StreamingAssets\GameRes\image\banyuan</Filter>
    </None>
    <None Include="$(MSBuildThisFileDirectory)Data\StreamingAssets\GameRes\image\bg\bg.json">
      <Filter>Data\StreamingAssets\GameRes\image\bg</Filter>
    </None>
    <None Include="$(MSBuildThisFileDirectory)Data\StreamingAssets\GameRes\image\bg\bg0.png">
      <Filter>Data\StreamingAssets\GameRes\image\bg</Filter>
    </None>
    <None Include="$(MSBuildThisFileDirectory)Data\StreamingAssets\GameRes\image\bg\bg1.png">
      <Filter>Data\StreamingAssets\GameRes\image\bg</Filter>
    </None>
    <None Include="$(MSBuildThisFileDirectory)Data\StreamingAssets\GameRes\image\bg\bg2.png">
      <Filter>Data\StreamingAssets\GameRes\image\bg</Filter>
    </None>
    <None Include="$(MSBuildThisFileDirectory)Data\StreamingAssets\GameRes\image\bg\bg3.png">
      <Filter>Data\StreamingAssets\GameRes\image\bg</Filter>
    </None>
    <None Include="$(MSBuildThisFileDirectory)Data\StreamingAssets\GameRes\image\bg\bg4.png">
      <Filter>Data\StreamingAssets\GameRes\image\bg</Filter>
    </None>
    <None Include="$(MSBuildThisFileDirectory)Data\StreamingAssets\GameRes\image\bg\bg5.png">
      <Filter>Data\StreamingAssets\GameRes\image\bg</Filter>
    </None>
    <None Include="$(MSBuildThisFileDirectory)Data\StreamingAssets\GameRes\image\bg\bg6.png">
      <Filter>Data\StreamingAssets\GameRes\image\bg</Filter>
    </None>
    <None Include="$(MSBuildThisFileDirectory)Data\StreamingAssets\GameRes\image\bg\bg7.png">
      <Filter>Data\StreamingAssets\GameRes\image\bg</Filter>
    </None>
    <None Include="$(MSBuildThisFileDirectory)Data\StreamingAssets\GameRes\image\bg\bg8.png">
      <Filter>Data\StreamingAssets\GameRes\image\bg</Filter>
    </None>
    <None Include="$(MSBuildThisFileDirectory)Data\StreamingAssets\GameRes\image\changfangxing\changfangxing.png">
      <Filter>Data\StreamingAssets\GameRes\image\changfangxing</Filter>
    </None>
    <None Include="$(MSBuildThisFileDirectory)Data\StreamingAssets\GameRes\image\changfangxing\changfangxing_inner.png">
      <Filter>Data\StreamingAssets\GameRes\image\changfangxing</Filter>
    </None>
    <None Include="$(MSBuildThisFileDirectory)Data\StreamingAssets\GameRes\image\changfangxing\changfangxing_outer.png">
      <Filter>Data\StreamingAssets\GameRes\image\changfangxing</Filter>
    </None>
    <None Include="$(MSBuildThisFileDirectory)Data\StreamingAssets\GameRes\image\lingxing\lingxing.png">
      <Filter>Data\StreamingAssets\GameRes\image\lingxing</Filter>
    </None>
    <None Include="$(MSBuildThisFileDirectory)Data\StreamingAssets\GameRes\image\lingxing\lingxing_inner.png">
      <Filter>Data\StreamingAssets\GameRes\image\lingxing</Filter>
    </None>
    <None Include="$(MSBuildThisFileDirectory)Data\StreamingAssets\GameRes\image\lingxing\lingxing_outer.png">
      <Filter>Data\StreamingAssets\GameRes\image\lingxing</Filter>
    </None>
    <None Include="$(MSBuildThisFileDirectory)Data\StreamingAssets\GameRes\image\sanjiaoxing\sanjiaoxing.png">
      <Filter>Data\StreamingAssets\GameRes\image\sanjiaoxing</Filter>
    </None>
    <None Include="$(MSBuildThisFileDirectory)Data\StreamingAssets\GameRes\image\sanjiaoxing\sanjiaoxing_inner.png">
      <Filter>Data\StreamingAssets\GameRes\image\sanjiaoxing</Filter>
    </None>
    <None Include="$(MSBuildThisFileDirectory)Data\StreamingAssets\GameRes\image\sanjiaoxing\sanjiaoxing_outer.png">
      <Filter>Data\StreamingAssets\GameRes\image\sanjiaoxing</Filter>
    </None>
    <None Include="$(MSBuildThisFileDirectory)Data\StreamingAssets\GameRes\image\tixing\tixing.png">
      <Filter>Data\StreamingAssets\GameRes\image\tixing</Filter>
    </None>
    <None Include="$(MSBuildThisFileDirectory)Data\StreamingAssets\GameRes\image\tixing\tixing_inner.png">
      <Filter>Data\StreamingAssets\GameRes\image\tixing</Filter>
    </None>
    <None Include="$(MSBuildThisFileDirectory)Data\StreamingAssets\GameRes\image\tixing\tixing_outer.png">
      <Filter>Data\StreamingAssets\GameRes\image\tixing</Filter>
    </None>
    <None Include="$(MSBuildThisFileDirectory)Data\StreamingAssets\GameRes\image\tuoyuan\tuoyuan.png">
      <Filter>Data\StreamingAssets\GameRes\image\tuoyuan</Filter>
    </None>
    <None Include="$(MSBuildThisFileDirectory)Data\StreamingAssets\GameRes\image\tuoyuan\tuoyuan_inner.png">
      <Filter>Data\StreamingAssets\GameRes\image\tuoyuan</Filter>
    </None>
    <None Include="$(MSBuildThisFileDirectory)Data\StreamingAssets\GameRes\image\tuoyuan\tuoyuan_outer.png">
      <Filter>Data\StreamingAssets\GameRes\image\tuoyuan</Filter>
    </None>
    <None Include="$(MSBuildThisFileDirectory)Data\StreamingAssets\GameRes\image\wubianxing\wubianxing.png">
      <Filter>Data\StreamingAssets\GameRes\image\wubianxing</Filter>
    </None>
    <None Include="$(MSBuildThisFileDirectory)Data\StreamingAssets\GameRes\image\wubianxing\wubianxing_inner.png">
      <Filter>Data\StreamingAssets\GameRes\image\wubianxing</Filter>
    </None>
    <None Include="$(MSBuildThisFileDirectory)Data\StreamingAssets\GameRes\image\wubianxing\wubianxing_outer.png">
      <Filter>Data\StreamingAssets\GameRes\image\wubianxing</Filter>
    </None>
    <None Include="$(MSBuildThisFileDirectory)Data\StreamingAssets\GameRes\image\wujiaoxing\wujiaoxing.png">
      <Filter>Data\StreamingAssets\GameRes\image\wujiaoxing</Filter>
    </None>
    <None Include="$(MSBuildThisFileDirectory)Data\StreamingAssets\GameRes\image\wujiaoxing\wujiaoxing_inner.png">
      <Filter>Data\StreamingAssets\GameRes\image\wujiaoxing</Filter>
    </None>
    <None Include="$(MSBuildThisFileDirectory)Data\StreamingAssets\GameRes\image\wujiaoxing\wujiaoxing_outer.png">
      <Filter>Data\StreamingAssets\GameRes\image\wujiaoxing</Filter>
    </None>
    <None Include="$(MSBuildThisFileDirectory)Data\StreamingAssets\GameRes\image\xinxing\xinxing.png">
      <Filter>Data\StreamingAssets\GameRes\image\xinxing</Filter>
    </None>
    <None Include="$(MSBuildThisFileDirectory)Data\StreamingAssets\GameRes\image\xinxing\xinxing_inner.png">
      <Filter>Data\StreamingAssets\GameRes\image\xinxing</Filter>
    </None>
    <None Include="$(MSBuildThisFileDirectory)Data\StreamingAssets\GameRes\image\xinxing\xinxing_outer.png">
      <Filter>Data\StreamingAssets\GameRes\image\xinxing</Filter>
    </None>
    <None Include="$(MSBuildThisFileDirectory)Data\StreamingAssets\GameRes\image\yuan\yuan.png">
      <Filter>Data\StreamingAssets\GameRes\image\yuan</Filter>
    </None>
    <None Include="$(MSBuildThisFileDirectory)Data\StreamingAssets\GameRes\image\yuan\yuan_inner.png">
      <Filter>Data\StreamingAssets\GameRes\image\yuan</Filter>
    </None>
    <None Include="$(MSBuildThisFileDirectory)Data\StreamingAssets\GameRes\image\yuan\yuan_outer.png">
      <Filter>Data\StreamingAssets\GameRes\image\yuan</Filter>
    </None>
    <None Include="$(MSBuildThisFileDirectory)Data\StreamingAssets\GameRes\image\zhengfangxing\zhengfangxing.png">
      <Filter>Data\StreamingAssets\GameRes\image\zhengfangxing</Filter>
    </None>
    <None Include="$(MSBuildThisFileDirectory)Data\StreamingAssets\GameRes\image\zhengfangxing\zhengfangxing_inner.png">
      <Filter>Data\StreamingAssets\GameRes\image\zhengfangxing</Filter>
    </None>
    <None Include="$(MSBuildThisFileDirectory)Data\StreamingAssets\GameRes\image\zhengfangxing\zhengfangxing_outer.png">
      <Filter>Data\StreamingAssets\GameRes\image\zhengfangxing</Filter>
    </None>
    <None Include="$(MSBuildThisFileDirectory)Data\StreamingAssets\GameRes\language\language.csv">
      <Filter>Data\StreamingAssets\GameRes\language</Filter>
    </None>
    <None Include="$(MSBuildThisFileDirectory)Data\StreamingAssets\GameRes\place\place_list.json">
      <Filter>Data\StreamingAssets\GameRes\place</Filter>
    </None>
    <None Include="$(MSBuildThisFileDirectory)Data\StreamingAssets\GameRes\place\language\language.csv">
      <Filter>Data\StreamingAssets\GameRes\place\language</Filter>
    </None>
  </ItemGroup>
  <ItemGroup>
    <None Include="$(OutDir)GameAssembly.dll" />
    <None Include="$(OutDir)GameAssembly.pdb" />
    <None Include="$(OutDir)SymbolMap" />
  </ItemGroup>
</Project>